
Microsoft Visual Studio Solution File, Format Version 12.00
# Visual Studio Version 17
VisualStudioVersion = 17.12.35527.113
MinimumVisualStudioVersion = 10.0.40219.1
Project("{FAE04EC0-301F-11D3-BF4B-00C04F79EFBC}") = "Semantic_Analysis", "Semantic_Analysis\Semantic_Analysis.csproj", "{9D28E360-331D-4197-857A-50BA888C9E81}"
EndProject
Project("{FAE04EC0-301F-11D3-BF4B-00C04F79EFBC}") = "UnitTestProject", "UnitTestProject\UnitTestProject.csproj", "{E68607CD-0CF5-44D6-AE68-5F7E6EE7B1E1}"
EndProject
Global
	GlobalSection(SolutionConfigurationPlatforms) = preSolution
		Debug|Any CPU = Debug|Any CPU
		Release|Any CPU = Release|Any CPU
	EndGlobalSection
	GlobalSection(ProjectConfigurationPlatforms) = postSolution
		{9D28E360-331D-4197-857A-50BA888C9E81}.Debug|Any CPU.ActiveCfg = Debug|Any CPU
		{9D28E360-331D-4197-857A-50BA888C9E81}.Debug|Any CPU.Build.0 = Debug|Any CPU
		{9D28E360-331D-4197-857A-50BA888C9E81}.Release|Any CPU.ActiveCfg = Release|Any CPU
		{9D28E360-331D-4197-857A-50BA888C9E81}.Release|Any CPU.Build.0 = Release|Any CPU
		{E68607CD-0CF5-44D6-AE68-5F7E6EE7B1E1}.Debug|Any CPU.ActiveCfg = Debug|Any CPU
		{E68607CD-0CF5-44D6-AE68-5F7E6EE7B1E1}.Debug|Any CPU.Build.0 = Debug|Any CPU
		{E68607CD-0CF5-44D6-AE68-5F7E6EE7B1E1}.Release|Any CPU.ActiveCfg = Release|Any CPU
		{E68607CD-0CF5-44D6-AE68-5F7E6EE7B1E1}.Release|Any CPU.Build.0 = Release|Any CPU
	EndGlobalSection
	GlobalSection(SolutionProperties) = preSolution
		HideSolutionNode = FALSE
	EndGlobalSection
EndGlobal
